
Microsoft Visual Studio Solution File, Format Version 12.00
# Visual Studio 15
VisualStudioVersion = 15.0.27130.2010
MinimumVisualStudioVersion = 10.0.40219.1
Project("{8BC9CEB8-8B4A-11D0-8D11-00A0C91BC942}") = "Skladovy system Andrusyak", "Skladovy system Andrusyak\Skladovy system Andrusyak.vcxproj", "{876466AA-A77C-461C-A9DE-AE21C4A650C1}"
EndProject
Global
	GlobalSection(SolutionConfigurationPlatforms) = preSolution
		Debug|x64 = Debug|x64
		Debug|x86 = Debug|x86
		Release|x64 = Release|x64
		Release|x86 = Release|x86
	EndGlobalSection
	GlobalSection(ProjectConfigurationPlatforms) = postSolution
		{876466AA-A77C-461C-A9DE-AE21C4A650C1}.Debug|x64.ActiveCfg = Debug|x64
		{876466AA-A77C-461C-A9DE-AE21C4A650C1}.Debug|x64.Build.0 = Debug|x64
		{876466AA-A77C-461C-A9DE-AE21C4A650C1}.Debug|x86.ActiveCfg = Debug|Win32
		{876466AA-A77C-461C-A9DE-AE21C4A650C1}.Debug|x86.Build.0 = Debug|Win32
		{876466AA-A77C-461C-A9DE-AE21C4A650C1}.Release|x64.ActiveCfg = Release|x64
		{876466AA-A77C-461C-A9DE-AE21C4A650C1}.Release|x64.Build.0 = Release|x64
		{876466AA-A77C-461C-A9DE-AE21C4A650C1}.Release|x86.ActiveCfg = Release|Win32
		{876466AA-A77C-461C-A9DE-AE21C4A650C1}.Release|x86.Build.0 = Release|Win32
	EndGlobalSection
	GlobalSection(SolutionProperties) = preSolution
		HideSolutionNode = FALSE
	EndGlobalSection
	GlobalSection(ExtensibilityGlobals) = postSolution
		SolutionGuid = {11C01DA4-A682-47E2-A87D-A231FEDBD0ED}
	EndGlobalSection
EndGlobal
